
Microsoft Visual Studio Solution File, Format Version 12.00
# Visual Studio Version 17
VisualStudioVersion = 17.3.32825.248
MinimumVisualStudioVersion = 10.0.40219.1
Project("{9A19103F-16F7-4668-BE54-9A1E7A4F7556}") = "Localization", "WebApplication4\Localization.csproj", "{3FA838A6-9EFD-4AFB-85AB-3F8477FD9F05}"
EndProject
Project("{FAE04EC0-301F-11D3-BF4B-00C04F79EFBC}") = "Services", "Services\Services.csproj", "{DB1851EF-28FB-44A5-B480-3B12CC36769F}"
EndProject
Global
	GlobalSection(SolutionConfigurationPlatforms) = preSolution
		Debug|Any CPU = Debug|Any CPU
		Release|Any CPU = Release|Any CPU
	EndGlobalSection
	GlobalSection(ProjectConfigurationPlatforms) = postSolution
		{3FA838A6-9EFD-4AFB-85AB-3F8477FD9F05}.Debug|Any CPU.ActiveCfg = Debug|Any CPU
		{3FA838A6-9EFD-4AFB-85AB-3F8477FD9F05}.Debug|Any CPU.Build.0 = Debug|Any CPU
		{3FA838A6-9EFD-4AFB-85AB-3F8477FD9F05}.Release|Any CPU.ActiveCfg = Release|Any CPU
		{3FA838A6-9EFD-4AFB-85AB-3F8477FD9F05}.Release|Any CPU.Build.0 = Release|Any CPU
		{DB1851EF-28FB-44A5-B480-3B12CC36769F}.Debug|Any CPU.ActiveCfg = Debug|Any CPU
		{DB1851EF-28FB-44A5-B480-3B12CC36769F}.Debug|Any CPU.Build.0 = Debug|Any CPU
		{DB1851EF-28FB-44A5-B480-3B12CC36769F}.Release|Any CPU.ActiveCfg = Release|Any CPU
		{DB1851EF-28FB-44A5-B480-3B12CC36769F}.Release|Any CPU.Build.0 = Release|Any CPU
	EndGlobalSection
	GlobalSection(SolutionProperties) = preSolution
		HideSolutionNode = FALSE
	EndGlobalSection
	GlobalSection(ExtensibilityGlobals) = postSolution
		SolutionGuid = {EF0DD513-0311-459C-BE6A-6C1968DBC9D6}
	EndGlobalSection
EndGlobal
